{
  "name": "gh-valid-pr-title",
  "lockfileVersion": 3,
  "requires": true,
  "packages": {
    "": {
      "dependencies": {
        "@commitlint/config-conventional": "20.5.0",
        "@commitlint/lint": "20.5.0",
        "@commitlint/types": "20.5.0",
        "conventional-changelog-conventionalcommits": "9.3.1",
        "typescript": "6.0.3"
      },
      "devDependencies": {
        "@types/conventional-changelog": "6.0.1"
      }
    },
    "node_modules/@commitlint/config-conventional": {
      "version": "20.5.0",
      "resolved": "https://registry.npmjs.org/@commitlint/config-conventional/-/config-conventional-20.5.0.tgz",
      "integrity": "sha512-t3Ni88rFw1XMa4nZHgOKJ8fIAT9M2j5TnKyTqJzsxea7FUetlNdYFus9dz+MhIRZmc16P0PPyEfh6X2d/qw8SA==",
      "license": "MIT",
      "dependencies": {
        "@commitlint/types": "^20.5.0",
        "conventional-changelog-conventionalcommits": "^9.2.0"
      },
      "engines": {
        "node": ">=v18"
      }
    },
    "node_modules/@commitlint/ensure": {
      "version": "20.5.0",
      "resolved": "https://registry.npmjs.org/@commitlint/ensure/-/ensure-20.5.0.tgz",
      "integrity": "sha512-IpHqAUesBeW1EDDdjzJeaOxU9tnogLAyXLRBn03SHlj1SGENn2JGZqSWGkFvBJkJzfXAuCNtsoYzax+ZPS+puw==",
      "license": "MIT",
      "dependencies": {
        "@commitlint/types": "^20.5.0",
        "lodash.camelcase": "^4.3.0",
        "lodash.kebabcase": "^4.1.1",
        "lodash.snakecase": "^4.1.1",
        "lodash.startcase": "^4.4.0",
        "lodash.upperfirst": "^4.3.1"
      },
      "engines": {
        "node": ">=v18"
      }
    },
    "node_modules/@commitlint/is-ignored": {
      "version": "20.5.0",
      "resolved": "https://registry.npmjs.org/@commitlint/is-ignored/-/is-ignored-20.5.0.tgz",
      "integrity": "sha512-JWLarAsurHJhPozbuAH6GbP4p/hdOCoqS9zJMfqwswne+/GPs5V0+rrsfOkP68Y8PSLphwtFXV0EzJ+GTXTTGg==",
      "license": "MIT",
      "dependencies": {
        "@commitlint/types": "^20.5.0",
        "semver": "^7.6.0"
      },
      "engines": {
        "node": ">=v18"
      }
    },
    "node_modules/@commitlint/lint": {
      "version": "20.5.0",
      "resolved": "https://registry.npmjs.org/@commitlint/lint/-/lint-20.5.0.tgz",
      "integrity": "sha512-jiM3hNUdu04jFBf1VgPdjtIPvbuVfDTBAc6L98AWcoLjF5sYqkulBHBzlVWll4rMF1T5zeQFB6r//a+s+BBKlA==",
      "license": "MIT",
      "dependencies": {
        "@commitlint/is-ignored": "^20.5.0",
        "@commitlint/parse": "^20.5.0",
        "@commitlint/rules": "^20.5.0",
        "@commitlint/types": "^20.5.0"
      },
      "engines": {
        "node": ">=v18"
      }
    },
    "node_modules/@commitlint/message": {
      "version": "20.4.3",
      "resolved": "https://registry.npmjs.org/@commitlint/message/-/message-20.4.3.tgz",
      "integrity": "sha512-6akwCYrzcrFcTYz9GyUaWlhisY4lmQ3KvrnabmhoeAV8nRH4dXJAh4+EUQ3uArtxxKQkvxJS78hNX2EU3USgxQ==",
      "license": "MIT",
      "engines": {
        "node": ">=v18"
      }
    },
    "node_modules/@commitlint/parse": {
      "version": "20.5.0",
      "resolved": "https://registry.npmjs.org/@commitlint/parse/-/parse-20.5.0.tgz",
      "integrity": "sha512-SeKWHBMk7YOTnnEWUhx+d1a9vHsjjuo6Uo1xRfPNfeY4bdYFasCH1dDpAv13Lyn+dDPOels+jP6D2GRZqzc5fA==",
      "license": "MIT",
      "dependencies": {
        "@commitlint/types": "^20.5.0",
        "conventional-changelog-angular": "^8.2.0",
        "conventional-commits-parser": "^6.3.0"
      },
      "engines": {
        "node": ">=v18"
      }
    },
    "node_modules/@commitlint/rules": {
      "version": "20.5.0",
      "resolved": "https://registry.npmjs.org/@commitlint/rules/-/rules-20.5.0.tgz",
      "integrity": "sha512-5NdQXQEdnDPT5pK8O39ZA7HohzPRHEsDGU23cyVCNPQy4WegAbAwrQk3nIu7p2sl3dutPk8RZd91yKTrMTnRkQ==",
      "license": "MIT",
      "dependencies": {
        "@commitlint/ensure": "^20.5.0",
        "@commitlint/message": "^20.4.3",
        "@commitlint/to-lines": "^20.0.0",
        "@commitlint/types": "^20.5.0"
      },
      "engines": {
        "node": ">=v18"
      }
    },
    "node_modules/@commitlint/to-lines": {
      "version": "20.0.0",
      "resolved": "https://registry.npmjs.org/@commitlint/to-lines/-/to-lines-20.0.0.tgz",
      "integrity": "sha512-2l9gmwiCRqZNWgV+pX1X7z4yP0b3ex/86UmUFgoRt672Ez6cAM2lOQeHFRUTuE6sPpi8XBCGnd8Kh3bMoyHwJw==",
      "license": "MIT",
      "engines": {
        "node": ">=v18"
      }
    },
    "node_modules/@commitlint/types": {
      "version": "20.5.0",
      "resolved": "https://registry.npmjs.org/@commitlint/types/-/types-20.5.0.tgz",
      "integrity": "sha512-ZJoS8oSq2CAZEpc/YI9SulLrdiIyXeHb/OGqGrkUP6Q7YV+0ouNAa7GjqRdXeQPncHQIDz/jbCTlHScvYvO/gA==",
      "license": "MIT",
      "dependencies": {
        "conventional-commits-parser": "^6.3.0",
        "picocolors": "^1.1.1"
      },
      "engines": {
        "node": ">=v18"
      }
    },
    "node_modules/@simple-libs/stream-utils": {
      "version": "1.2.0",
      "resolved": "https://registry.npmjs.org/@simple-libs/stream-utils/-/stream-utils-1.2.0.tgz",
      "integrity": "sha512-KxXvfapcixpz6rVEB6HPjOUZT22yN6v0vI0urQSk1L8MlEWPDFCZkhw2xmkyoTGYeFw7tWTZd7e3lVzRZRN/EA==",
      "license": "MIT",
      "engines": {
        "node": ">=18"
      },
      "funding": {
        "url": "https://ko-fi.com/dangreen"
      }
    },
    "node_modules/@types/conventional-changelog": {
      "version": "6.0.1",
      "resolved": "https://registry.npmjs.org/@types/conventional-changelog/-/conventional-changelog-6.0.1.tgz",
      "integrity": "sha512-GLIHdve+MlJUe6ur9alLTXUBL7L2p6+/J9KFEvL/pR4iZ6ctgnpXnuNo50sCYtjj0utNkHoEQS+SBpZ+7frkvQ==",
      "dev": true,
      "license": "MIT",
      "dependencies": {
        "@types/conventional-changelog-core": "*",
        "@types/conventional-changelog-writer": "*",
        "@types/conventional-commits-parser": "*",
        "@types/node": "*"
      }
    },
    "node_modules/@types/conventional-changelog-core": {
      "version": "8.0.0",
      "resolved": "https://registry.npmjs.org/@types/conventional-changelog-core/-/conventional-changelog-core-8.0.0.tgz",
      "integrity": "sha512-YlEJa0/3fBRw98Y1IT16pepMdCydQajeIHd8Qlwex50AN+JHNUyqczW+Zox+ch7U8dSOCnAJJt8YpijibvmdGQ==",
      "dev": true,
      "license": "MIT",
      "dependencies": {
        "@types/conventional-changelog-writer": "*",
        "@types/conventional-commits-parser": "*",
        "@types/conventional-recommended-bump": "*",
        "@types/git-raw-commits": "*",
        "@types/node": "*",
        "@types/normalize-package-data": "*"
      }
    },
    "node_modules/@types/conventional-changelog-writer": {
      "version": "4.0.10",
      "resolved": "https://registry.npmjs.org/@types/conventional-changelog-writer/-/conventional-changelog-writer-4.0.10.tgz",
      "integrity": "sha512-EK654IW1SBqTZSzN9+PlB6SKSYlDhsrCv1olfeEXvt/FHcmd7kvFWW0cFvMtnWalR/D7baYzY3FJ2TSt7UUySg==",
      "dev": true,
      "license": "MIT",
      "dependencies": {
        "@types/conventional-commits-parser": "*",
        "@types/node": "*"
      }
    },
    "node_modules/@types/conventional-commits-parser": {
      "version": "5.0.1",
      "resolved": "https://registry.npmjs.org/@types/conventional-commits-parser/-/conventional-commits-parser-5.0.1.tgz",
      "integrity": "sha512-7uz5EHdzz2TqoMfV7ee61Egf5y6NkcO4FB/1iCCQnbeiI1F3xzv3vK5dBCXUCLQgGYS+mUeigK1iKQzvED+QnQ==",
      "dev": true,
      "license": "MIT",
      "dependencies": {
        "@types/node": "*"
      }
    },
    "node_modules/@types/conventional-recommended-bump": {
      "version": "9.0.3",
      "resolved": "https://registry.npmjs.org/@types/conventional-recommended-bump/-/conventional-recommended-bump-9.0.3.tgz",
      "integrity": "sha512-rOZiRkTRNAPAqBotvm8+VTzILJMnMuad52/VhSjOVTP9Mrn3K+EiSeii/YC/FiPTp2mBTo45D9I3H6z6+EOfsw==",
      "dev": true,
      "license": "MIT",
      "dependencies": {
        "@types/conventional-changelog-core": "*",
        "@types/conventional-changelog-writer": "*",
        "@types/conventional-commits-parser": "*"
      }
    },
    "node_modules/@types/git-raw-commits": {
      "version": "5.0.0",
      "resolved": "https://registry.npmjs.org/@types/git-raw-commits/-/git-raw-commits-5.0.0.tgz",
      "integrity": "sha512-MQIzbZxgEnKpN1kCcw9JlQIu3Wdw5c4CCCP2cUli+DYgFjzsjtGLOeUe8oqPjjrKJudOoFnNuIZb/4sYHXEWZg==",
      "dev": true,
      "license": "MIT",
      "dependencies": {
        "@types/node": "*"
      }
    },
    "node_modules/@types/node": {
      "version": "24.5.2",
      "resolved": "https://registry.npmjs.org/@types/node/-/node-24.5.2.tgz",
      "integrity": "sha512-FYxk1I7wPv3K2XBaoyH2cTnocQEu8AOZ60hPbsyukMPLv5/5qr7V1i8PLHdl6Zf87I+xZXFvPCXYjiTFq+YSDQ==",
      "dev": true,
      "license": "MIT",
      "dependencies": {
        "undici-types": "~7.12.0"
      }
    },
    "node_modules/@types/normalize-package-data": {
      "version": "2.4.4",
      "resolved": "https://registry.npmjs.org/@types/normalize-package-data/-/normalize-package-data-2.4.4.tgz",
      "integrity": "sha512-37i+OaWTh9qeK4LSHPsyRC7NahnGotNuZvjLSgcPzblpHB3rrCJxAOgI5gCdKm7coonsaX1Of0ILiTcnZjbfxA==",
      "dev": true,
      "license": "MIT"
    },
    "node_modules/array-ify": {
      "version": "1.0.0",
      "resolved": "https://registry.npmjs.org/array-ify/-/array-ify-1.0.0.tgz",
      "integrity": "sha512-c5AMf34bKdvPhQ7tBGhqkgKNUzMr4WUs+WDtC2ZUGOUncbxKMTvqxYctiseW3+L4bA8ec+GcZ6/A/FW4m8ukng==",
      "license": "MIT"
    },
    "node_modules/compare-func": {
      "version": "2.0.0",
      "resolved": "https://registry.npmjs.org/compare-func/-/compare-func-2.0.0.tgz",
      "integrity": "sha512-zHig5N+tPWARooBnb0Zx1MFcdfpyJrfTJ3Y5L+IFvUm8rM74hHz66z0gw0x4tijh5CorKkKUCnW82R2vmpeCRA==",
      "license": "MIT",
      "dependencies": {
        "array-ify": "^1.0.0",
        "dot-prop": "^5.1.0"
      }
    },
    "node_modules/conventional-changelog-angular": {
      "version": "8.3.1",
      "resolved": "https://registry.npmjs.org/conventional-changelog-angular/-/conventional-changelog-angular-8.3.1.tgz",
      "integrity": "sha512-6gfI3otXK5Ph5DfCOI1dblr+kN3FAm5a97hYoQkqNZxOaYa5WKfXH+AnpsmS+iUH2mgVC2Cg2Qw9m5OKcmNrIg==",
      "license": "ISC",
      "dependencies": {
        "compare-func": "^2.0.0"
      },
      "engines": {
        "node": ">=18"
      }
    },
    "node_modules/conventional-changelog-conventionalcommits": {
      "version": "9.3.1",
      "resolved": "https://registry.npmjs.org/conventional-changelog-conventionalcommits/-/conventional-changelog-conventionalcommits-9.3.1.tgz",
      "integrity": "sha512-dTYtpIacRpcZgrvBYvBfArMmK2xvIpv2TaxM0/ZI5CBtNUzvF2x0t15HsbRABWprS6UPmvj+PzHVjSx4qAVKyw==",
      "license": "ISC",
      "dependencies": {
        "compare-func": "^2.0.0"
      },
      "engines": {
        "node": ">=18"
      }
    },
    "node_modules/conventional-commits-parser": {
      "version": "6.4.0",
      "resolved": "https://registry.npmjs.org/conventional-commits-parser/-/conventional-commits-parser-6.4.0.tgz",
      "integrity": "sha512-tvRg7FIBNlyPzjdG8wWRlPHQJJHI7DylhtRGeU9Lq+JuoPh5BKpPRX83ZdLrvXuOSu5Eo/e7SzOQhU4Hd2Miuw==",
      "license": "MIT",
      "dependencies": {
        "@simple-libs/stream-utils": "^1.2.0",
        "meow": "^13.0.0"
      },
      "bin": {
        "conventional-commits-parser": "dist/cli/index.js"
      },
      "engines": {
        "node": ">=18"
      }
    },
    "node_modules/dot-prop": {
      "version": "5.3.0",
      "resolved": "https://registry.npmjs.org/dot-prop/-/dot-prop-5.3.0.tgz",
      "integrity": "sha512-QM8q3zDe58hqUqjraQOmzZ1LIH9SWQJTlEKCH4kJ2oQvLZk7RbQXvtDM2XEq3fwkV9CCvvH4LA0AV+ogFsBM2Q==",
      "license": "MIT",
      "dependencies": {
        "is-obj": "^2.0.0"
      },
      "engines": {
        "node": ">=8"
      }
    },
    "node_modules/is-obj": {
      "version": "2.0.0",
      "resolved": "https://registry.npmjs.org/is-obj/-/is-obj-2.0.0.tgz",
      "integrity": "sha512-drqDG3cbczxxEJRoOXcOjtdp1J/lyp1mNn0xaznRs8+muBhgQcrnbspox5X5fOw0HnMnbfDzvnEMEtqDEJEo8w==",
      "license": "MIT",
      "engines": {
        "node": ">=8"
      }
    },
    "node_modules/lodash.camelcase": {
      "version": "4.3.0",
      "resolved": "https://registry.npmjs.org/lodash.camelcase/-/lodash.camelcase-4.3.0.tgz",
      "integrity": "sha512-TwuEnCnxbc3rAvhf/LbG7tJUDzhqXyFnv3dtzLOPgCG/hODL7WFnsbwktkD7yUV0RrreP/l1PALq/YSg6VvjlA==",
      "license": "MIT"
    },
    "node_modules/lodash.kebabcase": {
      "version": "4.1.1",
      "resolved": "https://registry.npmjs.org/lodash.kebabcase/-/lodash.kebabcase-4.1.1.tgz",
      "integrity": "sha512-N8XRTIMMqqDgSy4VLKPnJ/+hpGZN+PHQiJnSenYqPaVV/NCqEogTnAdZLQiGKhxX+JCs8waWq2t1XHWKOmlY8g==",
      "license": "MIT"
    },
    "node_modules/lodash.snakecase": {
      "version": "4.1.1",
      "resolved": "https://registry.npmjs.org/lodash.snakecase/-/lodash.snakecase-4.1.1.tgz",
      "integrity": "sha512-QZ1d4xoBHYUeuouhEq3lk3Uq7ldgyFXGBhg04+oRLnIz8o9T65Eh+8YdroUwn846zchkA9yDsDl5CVVaV2nqYw==",
      "license": "MIT"
    },
    "node_modules/lodash.startcase": {
      "version": "4.4.0",
      "resolved": "https://registry.npmjs.org/lodash.startcase/-/lodash.startcase-4.4.0.tgz",
      "integrity": "sha512-+WKqsK294HMSc2jEbNgpHpd0JfIBhp7rEV4aqXWqFr6AlXov+SlcgB1Fv01y2kGe3Gc8nMW7VA0SrGuSkRfIEg==",
      "license": "MIT"
    },
    "node_modules/lodash.upperfirst": {
      "version": "4.3.1",
      "resolved": "https://registry.npmjs.org/lodash.upperfirst/-/lodash.upperfirst-4.3.1.tgz",
      "integrity": "sha512-sReKOYJIJf74dhJONhU4e0/shzi1trVbSWDOhKYE5XV2O+H7Sb2Dihwuc7xWxVl+DgFPyTqIN3zMfT9cq5iWDg==",
      "license": "MIT"
    },
    "node_modules/meow": {
      "version": "13.2.0",
      "resolved": "https://registry.npmjs.org/meow/-/meow-13.2.0.tgz",
      "integrity": "sha512-pxQJQzB6djGPXh08dacEloMFopsOqGVRKFPYvPOt9XDZ1HasbgDZA74CJGreSU4G3Ak7EFJGoiH2auq+yXISgA==",
      "license": "MIT",
      "engines": {
        "node": ">=18"
      },
      "funding": {
        "url": "https://github.com/sponsors/sindresorhus"
      }
    },
    "node_modules/picocolors": {
      "version": "1.1.1",
      "resolved": "https://registry.npmjs.org/picocolors/-/picocolors-1.1.1.tgz",
      "integrity": "sha512-xceH2snhtb5M9liqDsmEw56le376mTZkEX/jEb/RxNFyegNul7eNslCXP9FDj/Lcu0X8KEyMceP2ntpaHrDEVA==",
      "license": "ISC"
    },
    "node_modules/semver": {
      "version": "7.7.4",
      "resolved": "https://registry.npmjs.org/semver/-/semver-7.7.4.tgz",
      "integrity": "sha512-vFKC2IEtQnVhpT78h1Yp8wzwrf8CM+MzKMHGJZfBtzhZNycRFnXsHk6E5TxIkkMsgNS7mdX3AGB7x2QM2di4lA==",
      "license": "ISC",
      "bin": {
        "semver": "bin/semver.js"
      },
      "engines": {
        "node": ">=10"
      }
    },
    "node_modules/typescript": {
      "version": "6.0.3",
      "resolved": "https://registry.npmjs.org/typescript/-/typescript-6.0.3.tgz",
      "integrity": "sha512-y2TvuxSZPDyQakkFRPZHKFm+KKVqIisdg9/CZwm9ftvKXLP8NRWj38/ODjNbr43SsoXqNuAisEf1GdCxqWcdBw==",
      "license": "Apache-2.0",
      "bin": {
        "tsc": "bin/tsc",
        "tsserver": "bin/tsserver"
      },
      "engines": {
        "node": ">=14.17"
      }
    },
    "node_modules/undici-types": {
      "version": "7.12.0",
      "resolved": "https://registry.npmjs.org/undici-types/-/undici-types-7.12.0.tgz",
      "integrity": "sha512-goOacqME2GYyOZZfb5Lgtu+1IDmAlAEu5xnD3+xTzS10hT0vzpf0SPjkXwAw9Jm+4n/mQGDP3LO8CPbYROeBfQ==",
      "dev": true,
      "license": "MIT"
    },
    "sdk": {
      "name": "@dagger.io/dagger",
      "version": "0.0.0",
      "extraneous": true,
      "license": "Apache-2.0",
      "dependencies": {
        "@grpc/grpc-js": "^1.14.0",
        "@lifeomic/axios-fetch": "^3.1.0",
        "@opentelemetry/api": "^1.9.0",
        "@opentelemetry/core": "^2.1.0",
        "@opentelemetry/exporter-jaeger": "^2.1.0",
        "@opentelemetry/exporter-trace-otlp-http": "^0.205.0",
        "@opentelemetry/sdk-metrics": "^2.1.0",
        "@opentelemetry/sdk-node": "^0.205.0",
        "@opentelemetry/semantic-conventions": "^1.37.0",
        "adm-zip": "^0.5.16",
        "env-paths": "^3.0.0",
        "execa": "^9.6.0",
        "graphql": "^16.11.0",
        "graphql-request": "^7.2.0",
        "graphql-tag": "^2.12.6",
        "node-color-log": "^13.0.3",
        "node-fetch": "^3.3.2",
        "reflect-metadata": "^0.2.2",
        "tar": "^7.4.2",
        "typescript": "^5.9.2"
      },
      "devDependencies": {
        "@eslint/js": "^10.0.0",
        "@trivago/prettier-plugin-sort-imports": "^5.2.2",
        "@types/adm-zip": "^0.5.7",
        "@types/mocha": "^10.0.10",
        "@types/node": "~24.5.1",
        "@types/tar": "^6.1.13",
        "@typescript-eslint/eslint-plugin": "^8.44.0",
        "@typescript-eslint/parser": "^8.44.0",
        "eslint": "^9.35.0",
        "eslint-config-prettier": "^10.1.8",
        "eslint-plugin-prettier": "^5.5.4",
        "mocha": "^11.7.2",
        "prettier": "^3.6.2",
        "rollup": "^4.50.2",
        "rollup-plugin-dts": "^6.2.3",
        "ts-node": "^10.9.2",
        "tsx": "^4.20.5",
        "typescript-eslint": "^8.44.0"
      },
      "engines": {
        "node": ">=18"
      }
    }
  }
}
